{
  "nodes": {
    "nix-darwin": {
      "inputs": {
        "nixpkgs": [
          "nixpkgs"
        ]
      },
      "locked": {
        "lastModified": 1696360011,
        "narHash": "sha256-HpPv27qMuPou4acXcZ8Klm7Zt0Elv9dgDvSJaomWb9Y=",
        "owner": "LnL7",
        "repo": "nix-darwin",
        "rev": "8b6ea26d5d2e8359d06278364f41fbc4b903b28a",
        "type": "github"
      },
      "original": {
        "owner": "LnL7",
        "repo": "nix-darwin",
        "type": "github"
      }
    },
    "nixpkgs": {
      "locked": {
        "lastModified": 1697009197,
        "narHash": "sha256-viVRhBTFT8fPJTb1N3brQIpFZnttmwo3JVKNuWRVc3s=",
        "owner": "NixOS",
        "repo": "nixpkgs",
        "rev": "01441e14af5e29c9d27ace398e6dd0b293e25a54",
        "type": "github"
      },
      "original": {
        "owner": "NixOS",
        "ref": "nixpkgs-unstable",
        "repo": "nixpkgs",
        "type": "github"
      }
    },
    "root": {
      "inputs": {
        "nix-darwin": "nix-darwin",
        "nixpkgs": "nixpkgs"
      }
    }
  },
  "root": "root",
  "version": 7
}
